// !$*UTF8*$!
{
	archiveVersion = 1;
	classes = {
	};
	objectVersion = 50;
	objects = {

/* Begin PBXBuildFile section */
		93CFBB29266F914F003ACE63 /* AppDelegate.swift in Sources */ = {isa = PBXBuildFile; fileRef = 93CFBB28266F914F003ACE63 /* AppDelegate.swift */; };
		93CFBB2B266F914F003ACE63 /* SceneDelegate.swift in Sources */ = {isa = PBXBuildFile; fileRef = 93CFBB2A266F914F003ACE63 /* SceneDelegate.swift */; };
		93CFBB2D266F914F003ACE63 /* ViewController.swift in Sources */ = {isa = PBXBuildFile; fileRef = 93CFBB2C266F914F003ACE63 /* ViewController.swift */; };
		93CFBB30266F914F003ACE63 /* Main.storyboard in Resources */ = {isa = PBXBuildFile; fileRef = 93CFBB2E266F914F003ACE63 /* Main.storyboard */; };
		93CFBB32266F9157003ACE63 /* Assets.xcassets in Resources */ = {isa = PBXBuildFile; fileRef = 93CFBB31266F9157003ACE63 /* Assets.xcassets */; };
		93CFBB35266F9157003ACE63 /* LaunchScreen.storyboard in Resources */ = {isa = PBXBuildFile; fileRef = 93CFBB33266F9157003ACE63 /* LaunchScreen.storyboard */; };
		93CFBB3E266F99C5003ACE63 /* Task1main.storyboard in Resources */ = {isa = PBXBuildFile; fileRef = 93CFBB3C266F99C4003ACE63 /* Task1main.storyboard */; };
		93CFBB40266F9F06003ACE63 /* Task2main.storyboard in Resources */ = {isa = PBXBuildFile; fileRef = 93CFBB3F266F9F06003ACE63 /* Task2main.storyboard */; };
		93CFBB44266FA47D003ACE63 /* Task2mainViewController.swift in Sources */ = {isa = PBXBuildFile; fileRef = 93CFBB43266FA47C003ACE63 /* Task2mainViewController.swift */; };
		93CFBB46266FA4B6003ACE63 /* Task2secondViewController.swift in Sources */ = {isa = PBXBuildFile; fileRef = 93CFBB45266FA4B6003ACE63 /* Task2secondViewController.swift */; };
		93CFBB492670F2FE003ACE63 /* Task3main.storyboard in Resources */ = {isa = PBXBuildFile; fileRef = 93CFBB472670F2FD003ACE63 /* Task3main.storyboard */; };
		93CFBB4B2670F384003ACE63 /* Task3mainViewController.swift in Sources */ = {isa = PBXBuildFile; fileRef = 93CFBB4A2670F384003ACE63 /* Task3mainViewController.swift */; };
		93CFBB4D2670F9BC003ACE63 /* Task3secondViewController.swift in Sources */ = {isa = PBXBuildFile; fileRef = 93CFBB4C2670F9BB003ACE63 /* Task3secondViewController.swift */; };
/* End PBXBuildFile section */

/* Begin PBXFileReference section */
		93CFBB25266F914F003ACE63 /* TabBar(hw 7.7).app */ = {isa = PBXFileReference; explicitFileType = wrapper.application; includeInIndex = 0; path = "TabBar(hw 7.7).app"; sourceTree = BUILT_PRODUCTS_DIR; };
		93CFBB28266F914F003ACE63 /* AppDelegate.swift */ = {isa = PBXFileReference; lastKnownFileType = sourcecode.swift; path = AppDelegate.swift; sourceTree = "<group>"; };
		93CFBB2A266F914F003ACE63 /* SceneDelegate.swift */ = {isa = PBXFileReference; lastKnownFileType = sourcecode.swift; path = SceneDelegate.swift; sourceTree = "<group>"; };
		93CFBB2C266F914F003ACE63 /* ViewController.swift */ = {isa = PBXFileReference; lastKnownFileType = sourcecode.swift; path = ViewController.swift; sourceTree = "<group>"; };
		93CFBB2F266F914F003ACE63 /* Base */ = {isa = PBXFileReference; lastKnownFileType = file.storyboard; name = Base; path = Base.lproj/Main.storyboard; sourceTree = "<group>"; };
		93CFBB31266F9157003ACE63 /* Assets.xcassets */ = {isa = PBXFileReference; lastKnownFileType = folder.assetcatalog; path = Assets.xcassets; sourceTree = "<group>"; };
		93CFBB34266F9157003ACE63 /* Base */ = {isa = PBXFileReference; lastKnownFileType = file.storyboard; name = Base; path = Base.lproj/LaunchScreen.storyboard; sourceTree = "<group>"; };
		93CFBB36266F9157003ACE63 /* Info.plist */ = {isa = PBXFileReference; lastKnownFileType = text.plist.xml; path = Info.plist; sourceTree = "<group>"; };
		93CFBB3D266F99C4003ACE63 /* Base */ = {isa = PBXFileReference; lastKnownFileType = file.storyboard; name = Base; path = "TabBar(hw 7.7)/Base.lproj/Task1main.storyboard"; sourceTree = "<group>"; };
		93CFBB3F266F9F06003ACE63 /* Task2main.storyboard */ = {isa = PBXFileReference; fileEncoding = 4; lastKnownFileType = file.storyboard; path = Task2main.storyboard; sourceTree = "<group>"; };
		93CFBB43266FA47C003ACE63 /* Task2mainViewController.swift */ = {isa = PBXFileReference; lastKnownFileType = sourcecode.swift; path = Task2mainViewController.swift; sourceTree = "<group>"; };
		93CFBB45266FA4B6003ACE63 /* Task2secondViewController.swift */ = {isa = PBXFileReference; lastKnownFileType = sourcecode.swift; path = Task2secondViewController.swift; sourceTree = "<group>"; };
		93CFBB482670F2FD003ACE63 /* Base */ = {isa = PBXFileReference; lastKnownFileType = file.storyboard; name = Base; path = "TabBar(hw 7.7)/Base.lproj/Task3main.storyboard"; sourceTree = "<group>"; };
		93CFBB4A2670F384003ACE63 /* Task3mainViewController.swift */ = {isa = PBXFileReference; lastKnownFileType = sourcecode.swift; path = Task3mainViewController.swift; sourceTree = "<group>"; };
		93CFBB4C2670F9BB003ACE63 /* Task3secondViewController.swift */ = {isa = PBXFileReference; lastKnownFileType = sourcecode.swift; path = Task3secondViewController.swift; sourceTree = "<group>"; };
/* End PBXFileReference section */

/* Begin PBXFrameworksBuildPhase section */
		93CFBB22266F914F003ACE63 /* Frameworks */ = {
			isa = PBXFrameworksBuildPhase;
			buildActionMask = 2147483647;
			files = (
			);
			runOnlyForDeploymentPostprocessing = 0;
		};
/* End PBXFrameworksBuildPhase section */

/* Begin PBXGroup section */
		93CFBB1C266F914F003ACE63 = {
			isa = PBXGroup;
			children = (
				93CFBB27266F914F003ACE63 /* TabBar(hw 7.7) */,
				93CFBB26266F914F003ACE63 /* Products */,
			);
			sourceTree = "<group>";
		};
		93CFBB26266F914F003ACE63 /* Products */ = {
			isa = PBXGroup;
			children = (
				93CFBB25266F914F003ACE63 /* TabBar(hw 7.7).app */,
			);
			name = Products;
			sourceTree = "<group>";
		};
		93CFBB27266F914F003ACE63 /* TabBar(hw 7.7) */ = {
			isa = PBXGroup;
			children = (
				93CFBB472670F2FD003ACE63 /* Task3main.storyboard */,
				93CFBB4C2670F9BB003ACE63 /* Task3secondViewController.swift */,
				93CFBB4A2670F384003ACE63 /* Task3mainViewController.swift */,
				93CFBB3C266F99C4003ACE63 /* Task1main.storyboard */,
				93CFBB3F266F9F06003ACE63 /* Task2main.storyboard */,
				93CFBB45266FA4B6003ACE63 /* Task2secondViewController.swift */,
				93CFBB43266FA47C003ACE63 /* Task2mainViewController.swift */,
				93CFBB28266F914F003ACE63 /* AppDelegate.swift */,
				93CFBB2A266F914F003ACE63 /* SceneDelegate.swift */,
				93CFBB2C266F914F003ACE63 /* ViewController.swift */,
				93CFBB2E266F914F003ACE63 /* Main.storyboard */,
				93CFBB31266F9157003ACE63 /* Assets.xcassets */,
				93CFBB33266F9157003ACE63 /* LaunchScreen.storyboard */,
				93CFBB36266F9157003ACE63 /* Info.plist */,
			);
			path = "TabBar(hw 7.7)";
			sourceTree = "<group>";
		};
/* End PBXGroup section */

/* Begin PBXNativeTarget section */
		93CFBB24266F914F003ACE63 /* TabBar(hw 7.7) */ = {
			isa = PBXNativeTarget;
			buildConfigurationList = 93CFBB39266F9157003ACE63 /* Build configuration list for PBXNativeTarget "TabBar(hw 7.7)" */;
			buildPhases = (
				93CFBB21266F914F003ACE63 /* Sources */,
				93CFBB22266F914F003ACE63 /* Frameworks */,
				93CFBB23266F914F003ACE63 /* Resources */,
			);
			buildRules = (
			);
			dependencies = (
			);
			name = "TabBar(hw 7.7)";
			productName = "TabBar(hw 7.7)";
			productReference = 93CFBB25266F914F003ACE63 /* TabBar(hw 7.7).app */;
			productType = "com.apple.product-type.application";
		};
/* End PBXNativeTarget section */

/* Begin PBXProject section */
		93CFBB1D266F914F003ACE63 /* Project object */ = {
			isa = PBXProject;
			attributes = {
				LastSwiftUpdateCheck = 1250;
				LastUpgradeCheck = 1250;
				TargetAttributes = {
					93CFBB24266F914F003ACE63 = {
						CreatedOnToolsVersion = 12.5;
					};
				};
			};
			buildConfigurationList = 93CFBB20266F914F003ACE63 /* Build configuration list for PBXProject "TabBar(hw 7.7)" */;
			compatibilityVersion = "Xcode 9.3";
			developmentRegion = en;
			hasScannedForEncodings = 0;
			knownRegions = (
				en,
				Base,
			);
			mainGroup = 93CFBB1C266F914F003ACE63;
			productRefGroup = 93CFBB26266F914F003ACE63 /* Products */;
			projectDirPath = "";
			projectRoot = "";
			targets = (
				93CFBB24266F914F003ACE63 /* TabBar(hw 7.7) */,
			);
		};
/* End PBXProject section */

/* Begin PBXResourcesBuildPhase section */
		93CFBB23266F914F003ACE63 /* Resources */ = {
			isa = PBXResourcesBuildPhase;
			buildActionMask = 2147483647;
			files = (
				93CFBB492670F2FE003ACE63 /* Task3main.storyboard in Resources */,
				93CFBB3E266F99C5003ACE63 /* Task1main.storyboard in Resources */,
				93CFBB35266F9157003ACE63 /* LaunchScreen.storyboard in Resources */,
				93CFBB32266F9157003ACE63 /* Assets.xcassets in Resources */,
				93CFBB40266F9F06003ACE63 /* Task2main.storyboard in Resources */,
				93CFBB30266F914F003ACE63 /* Main.storyboard in Resources */,
			);
			runOnlyForDeploymentPostprocessing = 0;
		};
/* End PBXResourcesBuildPhase section */

/* Begin PBXSourcesBuildPhase section */
		93CFBB21266F914F003ACE63 /* Sources */ = {
			isa = PBXSourcesBuildPhase;
			buildActionMask = 2147483647;
			files = (
				93CFBB2D266F914F003ACE63 /* ViewController.swift in Sources */,
				93CFBB44266FA47D003ACE63 /* Task2mainViewController.swift in Sources */,
				93CFBB4D2670F9BC003ACE63 /* Task3secondViewController.swift in Sources */,
				93CFBB29266F914F003ACE63 /* AppDelegate.swift in Sources */,
				93CFBB46266FA4B6003ACE63 /* Task2secondViewController.swift in Sources */,
				93CFBB4B2670F384003ACE63 /* Task3mainViewController.swift in Sources */,
				93CFBB2B266F914F003ACE63 /* SceneDelegate.swift in Sources */,
			);
			runOnlyForDeploymentPostprocessing = 0;
		};
/* End PBXSourcesBuildPhase section */

/* Begin PBXVariantGroup section */
		93CFBB2E266F914F003ACE63 /* Main.storyboard */ = {
			isa = PBXVariantGroup;
			children = (
				93CFBB2F266F914F003ACE63 /* Base */,
			);
			name = Main.storyboard;
			sourceTree = "<group>";
		};
		93CFBB33266F9157003ACE63 /* LaunchScreen.storyboard */ = {
			isa = PBXVariantGroup;
			children = (
				93CFBB34266F9157003ACE63 /* Base */,
			);
			name = LaunchScreen.storyboard;
			sourceTree = "<group>";
		};
		93CFBB3C266F99C4003ACE63 /* Task1main.storyboard */ = {
			isa = PBXVariantGroup;
			children = (
				93CFBB3D266F99C4003ACE63 /* Base */,
			);
			name = Task1main.storyboard;
			sourceTree = "<group>";
		};
		93CFBB472670F2FD003ACE63 /* Task3main.storyboard */ = {
			isa = PBXVariantGroup;
			children = (
				93CFBB482670F2FD003ACE63 /* Base */,
			);
			name = Task3main.storyboard;
			sourceTree = "<group>";
		};
/* End PBXVariantGroup section */

/* Begin XCBuildConfiguration section */
		93CFBB37266F9157003ACE63 /* Debug */ = {
			isa = XCBuildConfiguration;
			buildSettings = {
				ALWAYS_SEARCH_USER_PATHS = NO;
				CLANG_ANALYZER_NONNULL = YES;
				CLANG_ANALYZER_NUMBER_OBJECT_CONVERSION = YES_AGGRESSIVE;
				CLANG_CXX_LANGUAGE_STANDARD = "gnu++14";
				CLANG_CXX_LIBRARY = "libc++";
				CLANG_ENABLE_MODULES = YES;
				CLANG_ENABLE_OBJC_ARC = YES;
				CLANG_ENABLE_OBJC_WEAK = YES;
				CLANG_WARN_BLOCK_CAPTURE_AUTORELEASING = YES;
				CLANG_WARN_BOOL_CONVERSION = YES;
				CLANG_WARN_COMMA = YES;
				CLANG_WARN_CONSTANT_CONVERSION = YES;
				CLANG_WARN_DEPRECATED_OBJC_IMPLEMENTATIONS = YES;
				CLANG_WARN_DIRECT_OBJC_ISA_USAGE = YES_ERROR;
				CLANG_WARN_DOCUMENTATION_COMMENTS = YES;
				CLANG_WARN_EMPTY_BODY = YES;
				CLANG_WARN_ENUM_CONVERSION = YES;
				CLANG_WARN_INFINITE_RECURSION = YES;
				CLANG_WARN_INT_CONVERSION = YES;
				CLANG_WARN_NON_LITERAL_NULL_CONVERSION = YES;
				CLANG_WARN_OBJC_IMPLICIT_RETAIN_SELF = YES;
				CLANG_WARN_OBJC_LITERAL_CONVERSION = YES;
				CLANG_WARN_OBJC_ROOT_CLASS = YES_ERROR;
				CLANG_WARN_QUOTED_INCLUDE_IN_FRAMEWORK_HEADER = YES;
				CLANG_WARN_RANGE_LOOP_ANALYSIS = YES;
				CLANG_WARN_STRICT_PROTOTYPES = YES;
				CLANG_WARN_SUSPICIOUS_MOVE = YES;
				CLANG_WARN_UNGUARDED_AVAILABILITY = YES_AGGRESSIVE;
				CLANG_WARN_UNREACHABLE_CODE = YES;
				CLANG_WARN__DUPLICATE_METHOD_MATCH = YES;
				COPY_PHASE_STRIP = NO;
				DEBUG_INFORMATION_FORMAT = dwarf;
				ENABLE_STRICT_OBJC_MSGSEND = YES;
				ENABLE_TESTABILITY = YES;
				GCC_C_LANGUAGE_STANDARD = gnu11;
				GCC_DYNAMIC_NO_PIC = NO;
				GCC_NO_COMMON_BLOCKS = YES;
				GCC_OPTIMIZATION_LEVEL = 0;
				GCC_PREPROCESSOR_DEFINITIONS = (
					"DEBUG=1",
					"$(inherited)",
				);
				GCC_WARN_64_TO_32_BIT_CONVERSION = YES;
				GCC_WARN_ABOUT_RETURN_TYPE = YES_ERROR;
				GCC_WARN_UNDECLARED_SELECTOR = YES;
				GCC_WARN_UNINITIALIZED_AUTOS = YES_AGGRESSIVE;
				GCC_WARN_UNUSED_FUNCTION = YES;
				GCC_WARN_UNUSED_VARIABLE = YES;
				IPHONEOS_DEPLOYMENT_TARGET = 14.5;
				MTL_ENABLE_DEBUG_INFO = INCLUDE_SOURCE;
				MTL_FAST_MATH = YES;
				ONLY_ACTIVE_ARCH = YES;
				SDKROOT = iphoneos;
				SWIFT_ACTIVE_COMPILATION_CONDITIONS = DEBUG;
				SWIFT_OPTIMIZATION_LEVEL = "-Onone";
			};
			name = Debug;
		};
		93CFBB38266F9157003ACE63 /* Release */ = {
			isa = XCBuildConfiguration;
			buildSettings = {
				ALWAYS_SEARCH_USER_PATHS = NO;
				CLANG_ANALYZER_NONNULL = YES;
				CLANG_ANALYZER_NUMBER_OBJECT_CONVERSION = YES_AGGRESSIVE;
				CLANG_CXX_LANGUAGE_STANDARD = "gnu++14";
				CLANG_CXX_LIBRARY = "libc++";
				CLANG_ENABLE_MODULES = YES;
				CLANG_ENABLE_OBJC_ARC = YES;
				CLANG_ENABLE_OBJC_WEAK = YES;
				CLANG_WARN_BLOCK_CAPTURE_AUTORELEASING = YES;
				CLANG_WARN_BOOL_CONVERSION = YES;
				CLANG_WARN_COMMA = YES;
				CLANG_WARN_CONSTANT_CONVERSION = YES;
				CLANG_WARN_DEPRECATED_OBJC_IMPLEMENTATIONS = YES;
				CLANG_WARN_DIRECT_OBJC_ISA_USAGE = YES_ERROR;
				CLANG_WARN_DOCUMENTATION_COMMENTS = YES;
				CLANG_WARN_EMPTY_BODY = YES;
				CLANG_WARN_ENUM_CONVERSION = YES;
				CLANG_WARN_INFINITE_RECURSION = YES;
				CLANG_WARN_INT_CONVERSION = YES;
				CLANG_WARN_NON_LITERAL_NULL_CONVERSION = YES;
				CLANG_WARN_OBJC_IMPLICIT_RETAIN_SELF = YES;
				CLANG_WARN_OBJC_LITERAL_CONVERSION = YES;
				CLANG_WARN_OBJC_ROOT_CLASS = YES_ERROR;
				CLANG_WARN_QUOTED_INCLUDE_IN_FRAMEWORK_HEADER = YES;
				CLANG_WARN_RANGE_LOOP_ANALYSIS = YES;
				CLANG_WARN_STRICT_PROTOTYPES = YES;
				CLANG_WARN_SUSPICIOUS_MOVE = YES;
				CLANG_WARN_UNGUARDED_AVAILABILITY = YES_AGGRESSIVE;
				CLANG_WARN_UNREACHABLE_CODE = YES;
				CLANG_WARN__DUPLICATE_METHOD_MATCH = YES;
				COPY_PHASE_STRIP = NO;
				DEBUG_INFORMATION_FORMAT = "dwarf-with-dsym";
				ENABLE_NS_ASSERTIONS = NO;
				ENABLE_STRICT_OBJC_MSGSEND = YES;
				GCC_C_LANGUAGE_STANDARD = gnu11;
				GCC_NO_COMMON_BLOCKS = YES;
				GCC_WARN_64_TO_32_BIT_CONVERSION = YES;
				GCC_WARN_ABOUT_RETURN_TYPE = YES_ERROR;
				GCC_WARN_UNDECLARED_SELECTOR = YES;
				GCC_WARN_UNINITIALIZED_AUTOS = YES_AGGRESSIVE;
				GCC_WARN_UNUSED_FUNCTION = YES;
				GCC_WARN_UNUSED_VARIABLE = YES;
				IPHONEOS_DEPLOYMENT_TARGET = 14.5;
				MTL_ENABLE_DEBUG_INFO = NO;
				MTL_FAST_MATH = YES;
				SDKROOT = iphoneos;
				SWIFT_COMPILATION_MODE = wholemodule;
				SWIFT_OPTIMIZATION_LEVEL = "-O";
				VALIDATE_PRODUCT = YES;
			};
			name = Release;
		};
		93CFBB3A266F9157003ACE63 /* Debug */ = {
			isa = XCBuildConfiguration;
			buildSettings = {
				ASSETCATALOG_COMPILER_APPICON_NAME = AppIcon;
				ASSETCATALOG_COMPILER_GLOBAL_ACCENT_COLOR_NAME = AccentColor;
				CODE_SIGN_STYLE = Automatic;
				INFOPLIST_FILE = "TabBar(hw 7.7)/Info.plist";
				LD_RUNPATH_SEARCH_PATHS = (
					"$(inherited)",
					"@executable_path/Frameworks",
				);
				PRODUCT_BUNDLE_IDENTIFIER = "Kulish.TabBar-hw-7-7-";
				PRODUCT_NAME = "$(TARGET_NAME)";
				SWIFT_VERSION = 5.0;
				TARGETED_DEVICE_FAMILY = "1,2";
			};
			name = Debug;
		};
		93CFBB3B266F9157003ACE63 /* Release */ = {
			isa = XCBuildConfiguration;
			buildSettings = {
				ASSETCATALOG_COMPILER_APPICON_NAME = AppIcon;
				ASSETCATALOG_COMPILER_GLOBAL_ACCENT_COLOR_NAME = AccentColor;
				CODE_SIGN_STYLE = Automatic;
				INFOPLIST_FILE = "TabBar(hw 7.7)/Info.plist";
				LD_RUNPATH_SEARCH_PATHS = (
					"$(inherited)",
					"@executable_path/Frameworks",
				);
				PRODUCT_BUNDLE_IDENTIFIER = "Kulish.TabBar-hw-7-7-";
				PRODUCT_NAME = "$(TARGET_NAME)";
				SWIFT_VERSION = 5.0;
				TARGETED_DEVICE_FAMILY = "1,2";
			};
			name = Release;
		};
/* End XCBuildConfiguration section */

/* Begin XCConfigurationList section */
		93CFBB20266F914F003ACE63 /* Build configuration list for PBXProject "TabBar(hw 7.7)" */ = {
			isa = XCConfigurationList;
			buildConfigurations = (
				93CFBB37266F9157003ACE63 /* Debug */,
				93CFBB38266F9157003ACE63 /* Release */,
			);
			defaultConfigurationIsVisible = 0;
			defaultConfigurationName = Release;
		};
		93CFBB39266F9157003ACE63 /* Build configuration list for PBXNativeTarget "TabBar(hw 7.7)" */ = {
			isa = XCConfigurationList;
			buildConfigurations = (
				93CFBB3A266F9157003ACE63 /* Debug */,
				93CFBB3B266F9157003ACE63 /* Release */,
			);
			defaultConfigurationIsVisible = 0;
			defaultConfigurationName = Release;
		};
/* End XCConfigurationList section */
	};
	rootObject = 93CFBB1D266F914F003ACE63 /* Project object */;
}
